
Microsoft Visual Studio Solution File, Format Version 12.00
# Visual Studio Version 16
VisualStudioVersion = 16.0.31515.178
MinimumVisualStudioVersion = 10.0.40219.1
Project("{FAE04EC0-301F-11D3-BF4B-00C04F79EFBC}") = "SmolTAS", "SmolTAS.csproj", "{2C8ABF08-729F-467F-9164-A43571E00AF3}"
EndProject
Global
	GlobalSection(SolutionConfigurationPlatforms) = preSolution
		Debug|Any CPU = Debug|Any CPU
		Release|Any CPU = Release|Any CPU
	EndGlobalSection
	GlobalSection(ProjectConfigurationPlatforms) = postSolution
		{2C8ABF08-729F-467F-9164-A43571E00AF3}.Debug|Any CPU.ActiveCfg = Debug|Any CPU
		{2C8ABF08-729F-467F-9164-A43571E00AF3}.Debug|Any CPU.Build.0 = Debug|Any CPU
		{2C8ABF08-729F-467F-9164-A43571E00AF3}.Release|Any CPU.ActiveCfg = Release|Any CPU
		{2C8ABF08-729F-467F-9164-A43571E00AF3}.Release|Any CPU.Build.0 = Release|Any CPU
	EndGlobalSection
	GlobalSection(SolutionProperties) = preSolution
		HideSolutionNode = FALSE
	EndGlobalSection
	GlobalSection(ExtensibilityGlobals) = postSolution
		SolutionGuid = {C6C7461F-8F75-498A-BA3F-B07696064324}
	EndGlobalSection
EndGlobal
